Microsoft Visual Studio Solution File, Format Version 12.00
# Visual Studio Version 16
VisualStudioVersion = 16.0.31005.135
MinimumVisualStudioVersion = 10.0.40219.1
Project("{FAE04EC0-301F-11D3-BF4B-00C04F79EFBC}") = "Trabalho_Deposito", "Trabalho_Deposito.csproj", "{433AC70A-667B-4891-ABF3-08226ED14FD9}"
EndProject
Global
	GlobalSection(SolutionConfigurationPlatforms) = preSolution
		Debug|Any CPU = Debug|Any CPU
		Release|Any CPU = Release|Any CPU
	EndGlobalSection
	GlobalSection(ProjectConfigurationPlatforms) = postSolution
		{433AC70A-667B-4891-ABF3-08226ED14FD9}.Debug|Any CPU.ActiveCfg = Debug|Any CPU
		{433AC70A-667B-4891-ABF3-08226ED14FD9}.Debug|Any CPU.Build.0 = Debug|Any CPU
		{433AC70A-667B-4891-ABF3-08226ED14FD9}.Release|Any CPU.ActiveCfg = Release|Any CPU
		{433AC70A-667B-4891-ABF3-08226ED14FD9}.Release|Any CPU.Build.0 = Release|Any CPU
	EndGlobalSection
	GlobalSection(SolutionProperties) = preSolution
		HideSolutionNode = FALSE
	EndGlobalSection
	GlobalSection(ExtensibilityGlobals) = postSolution
		SolutionGuid = {BC456D18-5E77-4D05-97E1-475C8520139F}
	EndGlobalSection
EndGlobal
